
Microsoft Visual Studio Solution File, Format Version 12.00
# Visual Studio 15
VisualStudioVersion = 15.0.28010.2050
MinimumVisualStudioVersion = 10.0.40219.1
Project("{C7167F0D-BC9F-4E6E-AFE1-012C56B48DB5}") = "PackagingProject", "PackagingProject\PackagingProject.wapproj", "{737F4D97-982B-41FE-8ABB-FA762C6B0529}"
EndProject
Project("{FAE04EC0-301F-11D3-BF4B-00C04F79EFBC}") = "ElectronLauncher", "ElectronLauncher\ElectronLauncher.csproj", "{84D27B84-0A8F-4409-951E-1E227D89C780}"
EndProject
Global
	GlobalSection(SolutionConfigurationPlatforms) = preSolution
		Debug|Any CPU = Debug|Any CPU
		Debug|x64 = Debug|x64
		Debug|x86 = Debug|x86
		Release|Any CPU = Release|Any CPU
		Release|x64 = Release|x64
		Release|x86 = Release|x86
	EndGlobalSection
	GlobalSection(ProjectConfigurationPlatforms) = postSolution
		{737F4D97-982B-41FE-8ABB-FA762C6B0529}.Debug|Any CPU.ActiveCfg = Debug|Any CPU
		{737F4D97-982B-41FE-8ABB-FA762C6B0529}.Debug|Any CPU.Build.0 = Debug|Any CPU
		{737F4D97-982B-41FE-8ABB-FA762C6B0529}.Debug|Any CPU.Deploy.0 = Debug|Any CPU
		{737F4D97-982B-41FE-8ABB-FA762C6B0529}.Debug|x64.ActiveCfg = Debug|x64
		{737F4D97-982B-41FE-8ABB-FA762C6B0529}.Debug|x64.Build.0 = Debug|x64
		{737F4D97-982B-41FE-8ABB-FA762C6B0529}.Debug|x64.Deploy.0 = Debug|x64
		{737F4D97-982B-41FE-8ABB-FA762C6B0529}.Debug|x86.ActiveCfg = Debug|x86
		{737F4D97-982B-41FE-8ABB-FA762C6B0529}.Debug|x86.Build.0 = Debug|x86
		{737F4D97-982B-41FE-8ABB-FA762C6B0529}.Debug|x86.Deploy.0 = Debug|x86
		{737F4D97-982B-41FE-8ABB-FA762C6B0529}.Release|Any CPU.ActiveCfg = Release|Any CPU
		{737F4D97-982B-41FE-8ABB-FA762C6B0529}.Release|Any CPU.Build.0 = Release|Any CPU
		{737F4D97-982B-41FE-8ABB-FA762C6B0529}.Release|Any CPU.Deploy.0 = Release|Any CPU
		{737F4D97-982B-41FE-8ABB-FA762C6B0529}.Release|x64.ActiveCfg = Release|x64
		{737F4D97-982B-41FE-8ABB-FA762C6B0529}.Release|x64.Build.0 = Release|x64
		{737F4D97-982B-41FE-8ABB-FA762C6B0529}.Release|x64.Deploy.0 = Release|x64
		{737F4D97-982B-41FE-8ABB-FA762C6B0529}.Release|x86.ActiveCfg = Release|x86
		{737F4D97-982B-41FE-8ABB-FA762C6B0529}.Release|x86.Build.0 = Release|x86
		{737F4D97-982B-41FE-8ABB-FA762C6B0529}.Release|x86.Deploy.0 = Release|x86
		{84D27B84-0A8F-4409-951E-1E227D89C780}.Debug|Any CPU.ActiveCfg = Debug|Any CPU
		{84D27B84-0A8F-4409-951E-1E227D89C780}.Debug|Any CPU.Build.0 = Debug|Any CPU
		{84D27B84-0A8F-4409-951E-1E227D89C780}.Debug|x64.ActiveCfg = Debug|Any CPU
		{84D27B84-0A8F-4409-951E-1E227D89C780}.Debug|x64.Build.0 = Debug|Any CPU
		{84D27B84-0A8F-4409-951E-1E227D89C780}.Debug|x86.ActiveCfg = Debug|Any CPU
		{84D27B84-0A8F-4409-951E-1E227D89C780}.Debug|x86.Build.0 = Debug|Any CPU
		{84D27B84-0A8F-4409-951E-1E227D89C780}.Release|Any CPU.ActiveCfg = Release|Any CPU
		{84D27B84-0A8F-4409-951E-1E227D89C780}.Release|Any CPU.Build.0 = Release|Any CPU
		{84D27B84-0A8F-4409-951E-1E227D89C780}.Release|x64.ActiveCfg = Release|Any CPU
		{84D27B84-0A8F-4409-951E-1E227D89C780}.Release|x64.Build.0 = Release|Any CPU
		{84D27B84-0A8F-4409-951E-1E227D89C780}.Release|x86.ActiveCfg = Release|Any CPU
		{84D27B84-0A8F-4409-951E-1E227D89C780}.Release|x86.Build.0 = Release|Any CPU
	EndGlobalSection
	GlobalSection(SolutionProperties) = preSolution
		HideSolutionNode = FALSE
	EndGlobalSection
	GlobalSection(ExtensibilityGlobals) = postSolution
		SolutionGuid = {3D431AD7-030F-4438-A1E3-4B70255A8465}
	EndGlobalSection
EndGlobal
