
Microsoft Visual Studio Solution File, Format Version 12.00
# Visual Studio Version 16
VisualStudioVersion = 16.0.29409.12
MinimumVisualStudioVersion = 10.0.40219.1
Project("{FAE04EC0-301F-11D3-BF4B-00C04F79EFBC}") = "Sensor Simulator", "Sensor Simulator\Sensor Simulator.csproj", "{61BD6130-D517-4E60-BB97-7977C1727E59}"
EndProject
Project("{FAE04EC0-301F-11D3-BF4B-00C04F79EFBC}") = "DataStreamerUWP", "..\..\DataStreamerUWP\DataStreamerUWP.csproj", "{2BE69E28-ED04-4BF9-BF28-934786CE446D}"
EndProject
Global
	GlobalSection(SolutionConfigurationPlatforms) = preSolution
		Debug|Any CPU = Debug|Any CPU
		Debug|ARM = Debug|ARM
		Debug|ARM64 = Debug|ARM64
		Debug|x64 = Debug|x64
		Debug|x86 = Debug|x86
		Release|Any CPU = Release|Any CPU
		Release|ARM = Release|ARM
		Release|ARM64 = Release|ARM64
		Release|x64 = Release|x64
		Release|x86 = Release|x86
	EndGlobalSection
	GlobalSection(ProjectConfigurationPlatforms) = postSolution
		{61BD6130-D517-4E60-BB97-7977C1727E59}.Debug|Any CPU.ActiveCfg = Debug|x86
		{61BD6130-D517-4E60-BB97-7977C1727E59}.Debug|ARM.ActiveCfg = Debug|ARM
		{61BD6130-D517-4E60-BB97-7977C1727E59}.Debug|ARM.Build.0 = Debug|ARM
		{61BD6130-D517-4E60-BB97-7977C1727E59}.Debug|ARM.Deploy.0 = Debug|ARM
		{61BD6130-D517-4E60-BB97-7977C1727E59}.Debug|ARM64.ActiveCfg = Debug|ARM64
		{61BD6130-D517-4E60-BB97-7977C1727E59}.Debug|ARM64.Build.0 = Debug|ARM64
		{61BD6130-D517-4E60-BB97-7977C1727E59}.Debug|ARM64.Deploy.0 = Debug|ARM64
		{61BD6130-D517-4E60-BB97-7977C1727E59}.Debug|x64.ActiveCfg = Debug|x64
		{61BD6130-D517-4E60-BB97-7977C1727E59}.Debug|x64.Build.0 = Debug|x64
		{61BD6130-D517-4E60-BB97-7977C1727E59}.Debug|x64.Deploy.0 = Debug|x64
		{61BD6130-D517-4E60-BB97-7977C1727E59}.Debug|x86.ActiveCfg = Debug|x86
		{61BD6130-D517-4E60-BB97-7977C1727E59}.Debug|x86.Build.0 = Debug|x86
		{61BD6130-D517-4E60-BB97-7977C1727E59}.Debug|x86.Deploy.0 = Debug|x86
		{61BD6130-D517-4E60-BB97-7977C1727E59}.Release|Any CPU.ActiveCfg = Release|x86
		{61BD6130-D517-4E60-BB97-7977C1727E59}.Release|ARM.ActiveCfg = Release|ARM
		{61BD6130-D517-4E60-BB97-7977C1727E59}.Release|ARM.Build.0 = Release|ARM
		{61BD6130-D517-4E60-BB97-7977C1727E59}.Release|ARM.Deploy.0 = Release|ARM
		{61BD6130-D517-4E60-BB97-7977C1727E59}.Release|ARM64.ActiveCfg = Release|ARM64
		{61BD6130-D517-4E60-BB97-7977C1727E59}.Release|ARM64.Build.0 = Release|ARM64
		{61BD6130-D517-4E60-BB97-7977C1727E59}.Release|ARM64.Deploy.0 = Release|ARM64
		{61BD6130-D517-4E60-BB97-7977C1727E59}.Release|x64.ActiveCfg = Release|x64
		{61BD6130-D517-4E60-BB97-7977C1727E59}.Release|x64.Build.0 = Release|x64
		{61BD6130-D517-4E60-BB97-7977C1727E59}.Release|x64.Deploy.0 = Release|x64
		{61BD6130-D517-4E60-BB97-7977C1727E59}.Release|x86.ActiveCfg = Release|x86
		{61BD6130-D517-4E60-BB97-7977C1727E59}.Release|x86.Build.0 = Release|x86
		{61BD6130-D517-4E60-BB97-7977C1727E59}.Release|x86.Deploy.0 = Release|x86
		{2BE69E28-ED04-4BF9-BF28-934786CE446D}.Debug|Any CPU.ActiveCfg = Debug|Any CPU
		{2BE69E28-ED04-4BF9-BF28-934786CE446D}.Debug|Any CPU.Build.0 = Debug|Any CPU
		{2BE69E28-ED04-4BF9-BF28-934786CE446D}.Debug|ARM.ActiveCfg = Debug|ARM
		{2BE69E28-ED04-4BF9-BF28-934786CE446D}.Debug|ARM.Build.0 = Debug|ARM
		{2BE69E28-ED04-4BF9-BF28-934786CE446D}.Debug|ARM64.ActiveCfg = Debug|ARM64
		{2BE69E28-ED04-4BF9-BF28-934786CE446D}.Debug|ARM64.Build.0 = Debug|ARM64
		{2BE69E28-ED04-4BF9-BF28-934786CE446D}.Debug|x64.ActiveCfg = Debug|x64
		{2BE69E28-ED04-4BF9-BF28-934786CE446D}.Debug|x64.Build.0 = Debug|x64
		{2BE69E28-ED04-4BF9-BF28-934786CE446D}.Debug|x86.ActiveCfg = Debug|x86
		{2BE69E28-ED04-4BF9-BF28-934786CE446D}.Debug|x86.Build.0 = Debug|x86
		{2BE69E28-ED04-4BF9-BF28-934786CE446D}.Release|Any CPU.ActiveCfg = Release|Any CPU
		{2BE69E28-ED04-4BF9-BF28-934786CE446D}.Release|Any CPU.Build.0 = Release|Any CPU
		{2BE69E28-ED04-4BF9-BF28-934786CE446D}.Release|ARM.ActiveCfg = Release|ARM
		{2BE69E28-ED04-4BF9-BF28-934786CE446D}.Release|ARM.Build.0 = Release|ARM
		{2BE69E28-ED04-4BF9-BF28-934786CE446D}.Release|ARM64.ActiveCfg = Release|ARM64
		{2BE69E28-ED04-4BF9-BF28-934786CE446D}.Release|ARM64.Build.0 = Release|ARM64
		{2BE69E28-ED04-4BF9-BF28-934786CE446D}.Release|x64.ActiveCfg = Release|x64
		{2BE69E28-ED04-4BF9-BF28-934786CE446D}.Release|x64.Build.0 = Release|x64
		{2BE69E28-ED04-4BF9-BF28-934786CE446D}.Release|x86.ActiveCfg = Release|x86
		{2BE69E28-ED04-4BF9-BF28-934786CE446D}.Release|x86.Build.0 = Release|x86
	EndGlobalSection
	GlobalSection(SolutionProperties) = preSolution
		HideSolutionNode = FALSE
	EndGlobalSection
	GlobalSection(ExtensibilityGlobals) = postSolution
		SolutionGuid = {D51A9532-FF9C-43FD-BFDD-53E2FADB7D37}
	EndGlobalSection
EndGlobal
